// !$*UTF8*$!
{
	archiveVersion = 1;
	classes = {
	};
	objectVersion = 50;
	objects = {

/* Begin PBXBuildFile section */
		87EF82BD261C756A0050DAAF /* TowerOfHanoi.storyboard in Resources */ = {isa = PBXBuildFile; fileRef = 87EF82BC261C756A0050DAAF /* TowerOfHanoi.storyboard */; };
		EC17FBE2261CA407002CE4A4 /* Home.storyboard in Resources */ = {isa = PBXBuildFile; fileRef = EC17FBE1261CA407002CE4A4 /* Home.storyboard */; };
		EC17FBEF261CAF80002CE4A4 /* TableViewCell.swift in Sources */ = {isa = PBXBuildFile; fileRef = EC17FBEE261CAF80002CE4A4 /* TableViewCell.swift */; };
		EC17FBF2261CB0A4002CE4A4 /* Challenge.swift in Sources */ = {isa = PBXBuildFile; fileRef = EC17FBF1261CB0A4002CE4A4 /* Challenge.swift */; };
		EC17FC2D261E020E002CE4A4 /* ChallengeController.swift in Sources */ = {isa = PBXBuildFile; fileRef = EC17FC2C261E020E002CE4A4 /* ChallengeController.swift */; };
		EC17FC31261F0A07002CE4A4 /* ChallengeView.xib in Resources */ = {isa = PBXBuildFile; fileRef = EC17FC30261F0A07002CE4A4 /* ChallengeView.xib */; };
		EC17FC38261F0AF3002CE4A4 /* ChallengeView.swift in Sources */ = {isa = PBXBuildFile; fileRef = EC17FC37261F0AF3002CE4A4 /* ChallengeView.swift */; };
		EC17FC40261F5F84002CE4A4 /* ChallengePopupControllerViewController.swift in Sources */ = {isa = PBXBuildFile; fileRef = EC17FC3F261F5F84002CE4A4 /* ChallengePopupControllerViewController.swift */; };
		EC17FC5126200002002CE4A4 /* ViewController.swift in Sources */ = {isa = PBXBuildFile; fileRef = EC17FC5026200002002CE4A4 /* ViewController.swift */; };
		EC17FC5426200053002CE4A4 /* Success.storyboard in Resources */ = {isa = PBXBuildFile; fileRef = EC17FC5326200053002CE4A4 /* Success.storyboard */; };
		EC17FC582620015B002CE4A4 /* SuccessViewController.swift in Sources */ = {isa = PBXBuildFile; fileRef = EC17FC572620015B002CE4A4 /* SuccessViewController.swift */; };
		F32FD827261D459C00B57581 /* OnboardingViewController.swift in Sources */ = {isa = PBXBuildFile; fileRef = F3C70718261D2D32004DDB4E /* OnboardingViewController.swift */; };
		F32FD835261D65B300B57581 /* Onboarding.storyboard in Resources */ = {isa = PBXBuildFile; fileRef = F32FD834261D65B300B57581 /* Onboarding.storyboard */; };
		F37F1029261BF021001D47DC /* AppDelegate.swift in Sources */ = {isa = PBXBuildFile; fileRef = F37F1028261BF021001D47DC /* AppDelegate.swift */; };
		F37F102B261BF021001D47DC /* SceneDelegate.swift in Sources */ = {isa = PBXBuildFile; fileRef = F37F102A261BF021001D47DC /* SceneDelegate.swift */; };
		F37F102D261BF021001D47DC /* TOHViewController.swift in Sources */ = {isa = PBXBuildFile; fileRef = F37F102C261BF021001D47DC /* TOHViewController.swift */; };
		F37F1032261BF022001D47DC /* Assets.xcassets in Resources */ = {isa = PBXBuildFile; fileRef = F37F1031261BF022001D47DC /* Assets.xcassets */; };
		F37F1035261BF022001D47DC /* LaunchScreen.storyboard in Resources */ = {isa = PBXBuildFile; fileRef = F37F1033261BF022001D47DC /* LaunchScreen.storyboard */; };
		F3A36BF0261FD77400361AFB /* v1.mov in Resources */ = {isa = PBXBuildFile; fileRef = F3A36BEF261FD77400361AFB /* v1.mov */; };
		F3D0AB04261C44F4003A661A /* BG1.png in Resources */ = {isa = PBXBuildFile; fileRef = F3D0AB03261C44F4003A661A /* BG1.png */; };
/* End PBXBuildFile section */

/* Begin PBXFileReference section */
		87EF82BC261C756A0050DAAF /* TowerOfHanoi.storyboard */ = {isa = PBXFileReference; lastKnownFileType = file.storyboard; path = TowerOfHanoi.storyboard; sourceTree = "<group>"; };
		EC17FBE1261CA407002CE4A4 /* Home.storyboard */ = {isa = PBXFileReference; lastKnownFileType = file.storyboard; path = Home.storyboard; sourceTree = "<group>"; };
		EC17FBEE261CAF80002CE4A4 /* TableViewCell.swift */ = {isa = PBXFileReference; lastKnownFileType = sourcecode.swift; path = TableViewCell.swift; sourceTree = "<group>"; };
		EC17FBF1261CB0A4002CE4A4 /* Challenge.swift */ = {isa = PBXFileReference; lastKnownFileType = sourcecode.swift; name = Challenge.swift; path = Kosmo/model/Challenge.swift; sourceTree = SOURCE_ROOT; };
		EC17FC2C261E020E002CE4A4 /* ChallengeController.swift */ = {isa = PBXFileReference; lastKnownFileType = sourcecode.swift; path = ChallengeController.swift; sourceTree = "<group>"; };
		EC17FC30261F0A07002CE4A4 /* ChallengeView.xib */ = {isa = PBXFileReference; lastKnownFileType = file.xib; path = ChallengeView.xib; sourceTree = "<group>"; };
		EC17FC37261F0AF3002CE4A4 /* ChallengeView.swift */ = {isa = PBXFileReference; lastKnownFileType = sourcecode.swift; path = ChallengeView.swift; sourceTree = "<group>"; };
		EC17FC3F261F5F84002CE4A4 /* ChallengePopupControllerViewController.swift */ = {isa = PBXFileReference; lastKnownFileType = sourcecode.swift; path = ChallengePopupControllerViewController.swift; sourceTree = "<group>"; };
		EC17FC5026200002002CE4A4 /* ViewController.swift */ = {isa = PBXFileReference; fileEncoding = 4; lastKnownFileType = sourcecode.swift; path = ViewController.swift; sourceTree = "<group>"; };
		EC17FC5326200053002CE4A4 /* Success.storyboard */ = {isa = PBXFileReference; fileEncoding = 4; lastKnownFileType = file.storyboard; path = Success.storyboard; sourceTree = "<group>"; };
		EC17FC572620015B002CE4A4 /* SuccessViewController.swift */ = {isa = PBXFileReference; lastKnownFileType = sourcecode.swift; path = SuccessViewController.swift; sourceTree = "<group>"; };
		F32FD834261D65B300B57581 /* Onboarding.storyboard */ = {isa = PBXFileReference; fileEncoding = 4; lastKnownFileType = file.storyboard; path = Onboarding.storyboard; sourceTree = "<group>"; };
		F37F1025261BF021001D47DC /* Kosmo.app */ = {isa = PBXFileReference; explicitFileType = wrapper.application; includeInIndex = 0; path = Kosmo.app; sourceTree = BUILT_PRODUCTS_DIR; };
		F37F1028261BF021001D47DC /* AppDelegate.swift */ = {isa = PBXFileReference; lastKnownFileType = sourcecode.swift; path = AppDelegate.swift; sourceTree = "<group>"; };
		F37F102A261BF021001D47DC /* SceneDelegate.swift */ = {isa = PBXFileReference; lastKnownFileType = sourcecode.swift; path = SceneDelegate.swift; sourceTree = "<group>"; };
		F37F102C261BF021001D47DC /* TOHViewController.swift */ = {isa = PBXFileReference; lastKnownFileType = sourcecode.swift; path = TOHViewController.swift; sourceTree = "<group>"; };
		F37F1031261BF022001D47DC /* Assets.xcassets */ = {isa = PBXFileReference; lastKnownFileType = folder.assetcatalog; path = Assets.xcassets; sourceTree = "<group>"; };
		F37F1034261BF022001D47DC /* Base */ = {isa = PBXFileReference; lastKnownFileType = file.storyboard; name = Base; path = Base.lproj/LaunchScreen.storyboard; sourceTree = "<group>"; };
		F37F1036261BF022001D47DC /* Info.plist */ = {isa = PBXFileReference; lastKnownFileType = text.plist.xml; path = Info.plist; sourceTree = "<group>"; };
		F3A36BEF261FD77400361AFB /* v1.mov */ = {isa = PBXFileReference; lastKnownFileType = video.quicktime; path = v1.mov; sourceTree = "<group>"; };
		F3A36C03261FFE0F00361AFB /* BG1.png */ = {isa = PBXFileReference; lastKnownFileType = image.png; path = BG1.png; sourceTree = "<group>"; };
		F3C70718261D2D32004DDB4E /* OnboardingViewController.swift */ = {isa = PBXFileReference; lastKnownFileType = sourcecode.swift; path = OnboardingViewController.swift; sourceTree = "<group>"; };
/* End PBXFileReference section */

/* Begin PBXFrameworksBuildPhase section */
		F37F1022261BF021001D47DC /* Frameworks */ = {
			isa = PBXFrameworksBuildPhase;
			buildActionMask = 2147483647;
			files = (
			);
			runOnlyForDeploymentPostprocessing = 0;
		};
/* End PBXFrameworksBuildPhase section */

/* Begin PBXGroup section */
		EC17FBF9261D36ED002CE4A4 /* model */ = {
			isa = PBXGroup;
			children = (
				EC17FBF1261CB0A4002CE4A4 /* Challenge.swift */,
			);
			path = model;
			sourceTree = "<group>";
		};
		F37F101C261BF021001D47DC = {
			isa = PBXGroup;
			children = (
				F37F1027261BF021001D47DC /* Kosmo */,
				F37F1026261BF021001D47DC /* Products */,
			);
			sourceTree = "<group>";
		};
		F37F1026261BF021001D47DC /* Products */ = {
			isa = PBXGroup;
			children = (
				F37F1025261BF021001D47DC /* Kosmo.app */,
			);
			name = Products;
			sourceTree = "<group>";
		};
		F37F1027261BF021001D47DC /* Kosmo */ = {
			isa = PBXGroup;
			children = (
				F3D0AB02261C44DC003A661A /* assets */,
				EC17FBF9261D36ED002CE4A4 /* model */,
				F3D0AAE9261C07B2003A661A /* views */,
				F3D0AAE8261C07A4003A661A /* controllers */,
				F37F1028261BF021001D47DC /* AppDelegate.swift */,
				F37F102A261BF021001D47DC /* SceneDelegate.swift */,
				F37F1031261BF022001D47DC /* Assets.xcassets */,
				F3A36C03261FFE0F00361AFB /* BG1.png */,
				F37F1036261BF022001D47DC /* Info.plist */,
			);
			path = Kosmo;
			sourceTree = "<group>";
		};
		F3D0AAE8261C07A4003A661A /* controllers */ = {
			isa = PBXGroup;
			children = (
				EC17FC5026200002002CE4A4 /* ViewController.swift */,
				F3C70718261D2D32004DDB4E /* OnboardingViewController.swift */,
				F37F102C261BF021001D47DC /* TOHViewController.swift */,
				EC17FBEE261CAF80002CE4A4 /* TableViewCell.swift */,
				EC17FC2C261E020E002CE4A4 /* ChallengeController.swift */,
				EC17FC37261F0AF3002CE4A4 /* ChallengeView.swift */,
				EC17FC3F261F5F84002CE4A4 /* ChallengePopupControllerViewController.swift */,
				EC17FC572620015B002CE4A4 /* SuccessViewController.swift */,
			);
			path = controllers;
			sourceTree = "<group>";
		};
		F3D0AAE9261C07B2003A661A /* views */ = {
			isa = PBXGroup;
			children = (
				EC17FC5326200053002CE4A4 /* Success.storyboard */,
				EC17FC30261F0A07002CE4A4 /* ChallengeView.xib */,
				F37F1033261BF022001D47DC /* LaunchScreen.storyboard */,
				F32FD834261D65B300B57581 /* Onboarding.storyboard */,
				87EF82BC261C756A0050DAAF /* TowerOfHanoi.storyboard */,
				EC17FBE1261CA407002CE4A4 /* Home.storyboard */,
			);
			path = views;
			sourceTree = "<group>";
		};
		F3D0AB02261C44DC003A661A /* assets */ = {
			isa = PBXGroup;
			children = (
				F3A36BEF261FD77400361AFB /* v1.mov */,
				F3D0AB03261C44F4003A661A /* BG1.png */,
			);
			path = assets;
			sourceTree = "<group>";
		};
/* End PBXGroup section */

/* Begin PBXNativeTarget section */
		F37F1024261BF021001D47DC /* Kosmo */ = {
			isa = PBXNativeTarget;
			buildConfigurationList = F37F1039261BF022001D47DC /* Build configuration list for PBXNativeTarget "Kosmo" */;
			buildPhases = (
				F37F1021261BF021001D47DC /* Sources */,
				F37F1022261BF021001D47DC /* Frameworks */,
				F37F1023261BF021001D47DC /* Resources */,
			);
			buildRules = (
			);
			dependencies = (
			);
			name = Kosmo;
			productName = Kosmo;
			productReference = F37F1025261BF021001D47DC /* Kosmo.app */;
			productType = "com.apple.product-type.application";
		};
/* End PBXNativeTarget section */

/* Begin PBXProject section */
		F37F101D261BF021001D47DC /* Project object */ = {
			isa = PBXProject;
			attributes = {
				LastSwiftUpdateCheck = 1240;
				LastUpgradeCheck = 1240;
				TargetAttributes = {
					F37F1024261BF021001D47DC = {
						CreatedOnToolsVersion = 12.4;
					};
				};
			};
			buildConfigurationList = F37F1020261BF021001D47DC /* Build configuration list for PBXProject "Kosmo" */;
			compatibilityVersion = "Xcode 9.3";
			developmentRegion = en;
			hasScannedForEncodings = 0;
			knownRegions = (
				en,
				Base,
			);
			mainGroup = F37F101C261BF021001D47DC;
			productRefGroup = F37F1026261BF021001D47DC /* Products */;
			projectDirPath = "";
			projectRoot = "";
			targets = (
				F37F1024261BF021001D47DC /* Kosmo */,
			);
		};
/* End PBXProject section */

/* Begin PBXResourcesBuildPhase section */
		F37F1023261BF021001D47DC /* Resources */ = {
			isa = PBXResourcesBuildPhase;
			buildActionMask = 2147483647;
			files = (
				F37F1035261BF022001D47DC /* LaunchScreen.storyboard in Resources */,
				F37F1032261BF022001D47DC /* Assets.xcassets in Resources */,
				F37F1030261BF021001D47DC /* Main.storyboard in Resources */,
				F3A36BF0261FD77400361AFB /* v1.mov in Resources */,
				F32FD835261D65B300B57581 /* Onboarding.storyboard in Resources */,
				87EF82BD261C756A0050DAAF /* TowerOfHanoi.storyboard in Resources */,
				EC17FC31261F0A07002CE4A4 /* ChallengeView.xib in Resources */,
				EC17FBE2261CA407002CE4A4 /* Home.storyboard in Resources */,
				EC17FC5426200053002CE4A4 /* Success.storyboard in Resources */,
			);
			runOnlyForDeploymentPostprocessing = 0;
		};
/* End PBXResourcesBuildPhase section */

/* Begin PBXSourcesBuildPhase section */
		F37F1021261BF021001D47DC /* Sources */ = {
			isa = PBXSourcesBuildPhase;
			buildActionMask = 2147483647;
			files = (
				F37F102D261BF021001D47DC /* TOHViewController.swift in Sources */,
				F37F102D261BF021001D47DC /* TOHViewController.swift in Sources */,
				EC17FC40261F5F84002CE4A4 /* ChallengePopupControllerViewController.swift in Sources */,
				EC17FC2D261E020E002CE4A4 /* ChallengeController.swift in Sources */,
				EC17FC5126200002002CE4A4 /* ViewController.swift in Sources */,
				EC17FBEF261CAF80002CE4A4 /* TableViewCell.swift in Sources */,
				EC17FC38261F0AF3002CE4A4 /* ChallengeView.swift in Sources */,
				EC17FBF2261CB0A4002CE4A4 /* Challenge.swift in Sources */,
				F37F1029261BF021001D47DC /* AppDelegate.swift in Sources */,
				F37F102B261BF021001D47DC /* SceneDelegate.swift in Sources */,
				EC17FC582620015B002CE4A4 /* SuccessViewController.swift in Sources */,
				F32FD827261D459C00B57581 /* OnboardingViewController.swift in Sources */,
			);
			runOnlyForDeploymentPostprocessing = 0;
		};
/* End PBXSourcesBuildPhase section */

/* Begin PBXVariantGroup section */
		F37F1033261BF022001D47DC /* LaunchScreen.storyboard */ = {
			isa = PBXVariantGroup;
			children = (
				F37F1034261BF022001D47DC /* Base */,
			);
			name = LaunchScreen.storyboard;
			sourceTree = "<group>";
		};
/* End PBXVariantGroup section */

/* Begin XCBuildConfiguration section */
		F37F1037261BF022001D47DC /* Debug */ = {
			isa = XCBuildConfiguration;
			buildSettings = {
				ALWAYS_SEARCH_USER_PATHS = NO;
				CLANG_ANALYZER_NONNULL = YES;
				CLANG_ANALYZER_NUMBER_OBJECT_CONVERSION = YES_AGGRESSIVE;
				CLANG_CXX_LANGUAGE_STANDARD = "gnu++14";
				CLANG_CXX_LIBRARY = "libc++";
				CLANG_ENABLE_MODULES = YES;
				CLANG_ENABLE_OBJC_ARC = YES;
				CLANG_ENABLE_OBJC_WEAK = YES;
				CLANG_WARN_BLOCK_CAPTURE_AUTORELEASING = YES;
				CLANG_WARN_BOOL_CONVERSION = YES;
				CLANG_WARN_COMMA = YES;
				CLANG_WARN_CONSTANT_CONVERSION = YES;
				CLANG_WARN_DEPRECATED_OBJC_IMPLEMENTATIONS = YES;
				CLANG_WARN_DIRECT_OBJC_ISA_USAGE = YES_ERROR;
				CLANG_WARN_DOCUMENTATION_COMMENTS = YES;
				CLANG_WARN_EMPTY_BODY = YES;
				CLANG_WARN_ENUM_CONVERSION = YES;
				CLANG_WARN_INFINITE_RECURSION = YES;
				CLANG_WARN_INT_CONVERSION = YES;
				CLANG_WARN_NON_LITERAL_NULL_CONVERSION = YES;
				CLANG_WARN_OBJC_IMPLICIT_RETAIN_SELF = YES;
				CLANG_WARN_OBJC_LITERAL_CONVERSION = YES;
				CLANG_WARN_OBJC_ROOT_CLASS = YES_ERROR;
				CLANG_WARN_QUOTED_INCLUDE_IN_FRAMEWORK_HEADER = YES;
				CLANG_WARN_RANGE_LOOP_ANALYSIS = YES;
				CLANG_WARN_STRICT_PROTOTYPES = YES;
				CLANG_WARN_SUSPICIOUS_MOVE = YES;
				CLANG_WARN_UNGUARDED_AVAILABILITY = YES_AGGRESSIVE;
				CLANG_WARN_UNREACHABLE_CODE = YES;
				CLANG_WARN__DUPLICATE_METHOD_MATCH = YES;
				COPY_PHASE_STRIP = NO;
				DEBUG_INFORMATION_FORMAT = dwarf;
				ENABLE_STRICT_OBJC_MSGSEND = YES;
				ENABLE_TESTABILITY = YES;
				GCC_C_LANGUAGE_STANDARD = gnu11;
				GCC_DYNAMIC_NO_PIC = NO;
				GCC_NO_COMMON_BLOCKS = YES;
				GCC_OPTIMIZATION_LEVEL = 0;
				GCC_PREPROCESSOR_DEFINITIONS = (
					"DEBUG=1",
					"$(inherited)",
				);
				GCC_WARN_64_TO_32_BIT_CONVERSION = YES;
				GCC_WARN_ABOUT_RETURN_TYPE = YES_ERROR;
				GCC_WARN_UNDECLARED_SELECTOR = YES;
				GCC_WARN_UNINITIALIZED_AUTOS = YES_AGGRESSIVE;
				GCC_WARN_UNUSED_FUNCTION = YES;
				GCC_WARN_UNUSED_VARIABLE = YES;
				IPHONEOS_DEPLOYMENT_TARGET = 14.4;
				MTL_ENABLE_DEBUG_INFO = INCLUDE_SOURCE;
				MTL_FAST_MATH = YES;
				ONLY_ACTIVE_ARCH = YES;
				SDKROOT = iphoneos;
				SWIFT_ACTIVE_COMPILATION_CONDITIONS = DEBUG;
				SWIFT_OPTIMIZATION_LEVEL = "-Onone";
			};
			name = Debug;
		};
		F37F1038261BF022001D47DC /* Release */ = {
			isa = XCBuildConfiguration;
			buildSettings = {
				ALWAYS_SEARCH_USER_PATHS = NO;
				CLANG_ANALYZER_NONNULL = YES;
				CLANG_ANALYZER_NUMBER_OBJECT_CONVERSION = YES_AGGRESSIVE;
				CLANG_CXX_LANGUAGE_STANDARD = "gnu++14";
				CLANG_CXX_LIBRARY = "libc++";
				CLANG_ENABLE_MODULES = YES;
				CLANG_ENABLE_OBJC_ARC = YES;
				CLANG_ENABLE_OBJC_WEAK = YES;
				CLANG_WARN_BLOCK_CAPTURE_AUTORELEASING = YES;
				CLANG_WARN_BOOL_CONVERSION = YES;
				CLANG_WARN_COMMA = YES;
				CLANG_WARN_CONSTANT_CONVERSION = YES;
				CLANG_WARN_DEPRECATED_OBJC_IMPLEMENTATIONS = YES;
				CLANG_WARN_DIRECT_OBJC_ISA_USAGE = YES_ERROR;
				CLANG_WARN_DOCUMENTATION_COMMENTS = YES;
				CLANG_WARN_EMPTY_BODY = YES;
				CLANG_WARN_ENUM_CONVERSION = YES;
				CLANG_WARN_INFINITE_RECURSION = YES;
				CLANG_WARN_INT_CONVERSION = YES;
				CLANG_WARN_NON_LITERAL_NULL_CONVERSION = YES;
				CLANG_WARN_OBJC_IMPLICIT_RETAIN_SELF = YES;
				CLANG_WARN_OBJC_LITERAL_CONVERSION = YES;
				CLANG_WARN_OBJC_ROOT_CLASS = YES_ERROR;
				CLANG_WARN_QUOTED_INCLUDE_IN_FRAMEWORK_HEADER = YES;
				CLANG_WARN_RANGE_LOOP_ANALYSIS = YES;
				CLANG_WARN_STRICT_PROTOTYPES = YES;
				CLANG_WARN_SUSPICIOUS_MOVE = YES;
				CLANG_WARN_UNGUARDED_AVAILABILITY = YES_AGGRESSIVE;
				CLANG_WARN_UNREACHABLE_CODE = YES;
				CLANG_WARN__DUPLICATE_METHOD_MATCH = YES;
				COPY_PHASE_STRIP = NO;
				DEBUG_INFORMATION_FORMAT = "dwarf-with-dsym";
				ENABLE_NS_ASSERTIONS = NO;
				ENABLE_STRICT_OBJC_MSGSEND = YES;
				GCC_C_LANGUAGE_STANDARD = gnu11;
				GCC_NO_COMMON_BLOCKS = YES;
				GCC_WARN_64_TO_32_BIT_CONVERSION = YES;
				GCC_WARN_ABOUT_RETURN_TYPE = YES_ERROR;
				GCC_WARN_UNDECLARED_SELECTOR = YES;
				GCC_WARN_UNINITIALIZED_AUTOS = YES_AGGRESSIVE;
				GCC_WARN_UNUSED_FUNCTION = YES;
				GCC_WARN_UNUSED_VARIABLE = YES;
				IPHONEOS_DEPLOYMENT_TARGET = 14.4;
				MTL_ENABLE_DEBUG_INFO = NO;
				MTL_FAST_MATH = YES;
				SDKROOT = iphoneos;
				SWIFT_COMPILATION_MODE = wholemodule;
				SWIFT_OPTIMIZATION_LEVEL = "-O";
				VALIDATE_PRODUCT = YES;
			};
			name = Release;
		};
		F37F103A261BF022001D47DC /* Debug */ = {
			isa = XCBuildConfiguration;
			buildSettings = {
				ASSETCATALOG_COMPILER_APPICON_NAME = AppIcon;
				ASSETCATALOG_COMPILER_GLOBAL_ACCENT_COLOR_NAME = AccentColor;
				CODE_SIGN_STYLE = Automatic;
				DEVELOPMENT_TEAM = 7CG3SG3HTX;
				INFOPLIST_FILE = Kosmo/Info.plist;
				LD_RUNPATH_SEARCH_PATHS = (
					"$(inherited)",
					"@executable_path/Frameworks",
				);
				PRODUCT_BUNDLE_IDENTIFIER = io.azrullah.Kosmo;
				PRODUCT_NAME = "$(TARGET_NAME)";
				SWIFT_VERSION = 5.0;
				TARGETED_DEVICE_FAMILY = 1;
			};
			name = Debug;
		};
		F37F103B261BF022001D47DC /* Release */ = {
			isa = XCBuildConfiguration;
			buildSettings = {
				ASSETCATALOG_COMPILER_APPICON_NAME = AppIcon;
				ASSETCATALOG_COMPILER_GLOBAL_ACCENT_COLOR_NAME = AccentColor;
				CODE_SIGN_STYLE = Automatic;
				DEVELOPMENT_TEAM = 7CG3SG3HTX;
				INFOPLIST_FILE = Kosmo/Info.plist;
				LD_RUNPATH_SEARCH_PATHS = (
					"$(inherited)",
					"@executable_path/Frameworks",
				);
				PRODUCT_BUNDLE_IDENTIFIER = io.azrullah.Kosmo;
				PRODUCT_NAME = "$(TARGET_NAME)";
				SWIFT_VERSION = 5.0;
				TARGETED_DEVICE_FAMILY = 1;
			};
			name = Release;
		};
/* End XCBuildConfiguration section */

/* Begin XCConfigurationList section */
		F37F1020261BF021001D47DC /* Build configuration list for PBXProject "Kosmo" */ = {
			isa = XCConfigurationList;
			buildConfigurations = (
				F37F1037261BF022001D47DC /* Debug */,
				F37F1038261BF022001D47DC /* Release */,
			);
			defaultConfigurationIsVisible = 0;
			defaultConfigurationName = Release;
		};
		F37F1039261BF022001D47DC /* Build configuration list for PBXNativeTarget "Kosmo" */ = {
			isa = XCConfigurationList;
			buildConfigurations = (
				F37F103A261BF022001D47DC /* Debug */,
				F37F103B261BF022001D47DC /* Release */,
			);
			defaultConfigurationIsVisible = 0;
			defaultConfigurationName = Release;
		};
/* End XCConfigurationList section */
	};
	rootObject = F37F101D261BF021001D47DC /* Project object */;
}
